
Microsoft Visual Studio Solution File, Format Version 12.00
# Visual Studio Version 17
VisualStudioVersion = 17.3.32929.385
MinimumVisualStudioVersion = 10.0.40219.1
Project("{FAE04EC0-301F-11D3-BF4B-00C04F79EFBC}") = "AdventOfCode", "src\AdventOfCode.csproj", "{ED2F3C8A-1E8C-43DA-A404-FC9C995F16D8}"
EndProject
Global
	GlobalSection(SolutionConfigurationPlatforms) = preSolution
		Debug|Any CPU = Debug|Any CPU
		Release|Any CPU = Release|Any CPU
	EndGlobalSection
	GlobalSection(ProjectConfigurationPlatforms) = postSolution
		{ED2F3C8A-1E8C-43DA-A404-FC9C995F16D8}.Debug|Any CPU.ActiveCfg = Debug|Any CPU
		{ED2F3C8A-1E8C-43DA-A404-FC9C995F16D8}.Debug|Any CPU.Build.0 = Debug|Any CPU
		{ED2F3C8A-1E8C-43DA-A404-FC9C995F16D8}.Release|Any CPU.ActiveCfg = Release|Any CPU
		{ED2F3C8A-1E8C-43DA-A404-FC9C995F16D8}.Release|Any CPU.Build.0 = Release|Any CPU
	EndGlobalSection
	GlobalSection(SolutionProperties) = preSolution
		HideSolutionNode = FALSE
	EndGlobalSection
	GlobalSection(ExtensibilityGlobals) = postSolution
		SolutionGuid = {3439D89A-8C8E-43F1-B2B2-562EA16497B3}
	EndGlobalSection
EndGlobal
